
Microsoft Visual Studio Solution File, Format Version 12.00
# Visual Studio Version 16
VisualStudioVersion = 16.0.30204.135
MinimumVisualStudioVersion = 10.0.40219.1
Project("{9A19103F-16F7-4668-BE54-9A1E7A4F7556}") = "MozoApp", "MozoApp\MozoApp.csproj", "{56FC34F7-B098-4186-BFCA-B4F9C4D23AFB}"
EndProject
Project("{9A19103F-16F7-4668-BE54-9A1E7A4F7556}") = "MozoDataAccess", "MozoDataAccess\MozoDataAccess.csproj", "{B47EAED9-8335-4863-A1D3-E510968ECC1B}"
EndProject
Project("{9A19103F-16F7-4668-BE54-9A1E7A4F7556}") = "MozoModels", "MozoModels\MozoModels.csproj", "{4D9784ED-4CF1-4C24-ADAC-2C1857E870FA}"
EndProject
Project("{FAE04EC0-301F-11D3-BF4B-00C04F79EFBC}") = "MozoUtilty", "MozoUtilty\MozoUtilty.csproj", "{0CC70C4F-B5A2-4BF4-BC83-F68F391ED41A}"
EndProject
Global
	GlobalSection(SolutionConfigurationPlatforms) = preSolution
		Debug|Any CPU = Debug|Any CPU
		Release|Any CPU = Release|Any CPU
	EndGlobalSection
	GlobalSection(ProjectConfigurationPlatforms) = postSolution
		{56FC34F7-B098-4186-BFCA-B4F9C4D23AFB}.Debug|Any CPU.ActiveCfg = Debug|Any CPU
		{56FC34F7-B098-4186-BFCA-B4F9C4D23AFB}.Debug|Any CPU.Build.0 = Debug|Any CPU
		{56FC34F7-B098-4186-BFCA-B4F9C4D23AFB}.Release|Any CPU.ActiveCfg = Release|Any CPU
		{56FC34F7-B098-4186-BFCA-B4F9C4D23AFB}.Release|Any CPU.Build.0 = Release|Any CPU
		{B47EAED9-8335-4863-A1D3-E510968ECC1B}.Debug|Any CPU.ActiveCfg = Debug|Any CPU
		{B47EAED9-8335-4863-A1D3-E510968ECC1B}.Debug|Any CPU.Build.0 = Debug|Any CPU
		{B47EAED9-8335-4863-A1D3-E510968ECC1B}.Release|Any CPU.ActiveCfg = Release|Any CPU
		{B47EAED9-8335-4863-A1D3-E510968ECC1B}.Release|Any CPU.Build.0 = Release|Any CPU
		{4D9784ED-4CF1-4C24-ADAC-2C1857E870FA}.Debug|Any CPU.ActiveCfg = Debug|Any CPU
		{4D9784ED-4CF1-4C24-ADAC-2C1857E870FA}.Debug|Any CPU.Build.0 = Debug|Any CPU
		{4D9784ED-4CF1-4C24-ADAC-2C1857E870FA}.Release|Any CPU.ActiveCfg = Release|Any CPU
		{4D9784ED-4CF1-4C24-ADAC-2C1857E870FA}.Release|Any CPU.Build.0 = Release|Any CPU
		{0CC70C4F-B5A2-4BF4-BC83-F68F391ED41A}.Debug|Any CPU.ActiveCfg = Debug|Any CPU
		{0CC70C4F-B5A2-4BF4-BC83-F68F391ED41A}.Debug|Any CPU.Build.0 = Debug|Any CPU
		{0CC70C4F-B5A2-4BF4-BC83-F68F391ED41A}.Release|Any CPU.ActiveCfg = Release|Any CPU
		{0CC70C4F-B5A2-4BF4-BC83-F68F391ED41A}.Release|Any CPU.Build.0 = Release|Any CPU
	EndGlobalSection
	GlobalSection(SolutionProperties) = preSolution
		HideSolutionNode = FALSE
	EndGlobalSection
	GlobalSection(ExtensibilityGlobals) = postSolution
		SolutionGuid = {387EA5BC-7FEF-4023-BEFB-4A8F9387DD69}
	EndGlobalSection
EndGlobal
